
Microsoft Visual Studio Solution File, Format Version 12.00
# Visual Studio Version 17
VisualStudioVersion = 17.11.35219.272
MinimumVisualStudioVersion = 10.0.40219.1
Project("{9A19103F-16F7-4668-BE54-9A1E7A4F7556}") = "SneakerECommerce.Application", "SneakerECommerce.Application\SneakerECommerce.Application.csproj", "{438B6101-69BF-4DB1-988E-71E904EF6C6B}"
EndProject
Project("{9A19103F-16F7-4668-BE54-9A1E7A4F7556}") = "SneakerECommerce.Domain", "SneakerECommerce.Domain\SneakerECommerce.Domain.csproj", "{A1700EE6-9F0E-47D1-92C7-83D4B4CD95E1}"
EndProject
Project("{9A19103F-16F7-4668-BE54-9A1E7A4F7556}") = "SneakerECommerce.Infrastructure", "SneakerECommerce.Infrastructure\SneakerECommerce.Infrastructure.csproj", "{7E09C2C8-A288-4D52-AE77-36F47102554E}"
EndProject
Project("{9A19103F-16F7-4668-BE54-9A1E7A4F7556}") = "SneakerECommerce.API", "SneakerECommerce.API\SneakerECommerce.API.csproj", "{0B2C8A1E-8D7C-4691-BA8D-288F5E70710E}"
EndProject
Global
	GlobalSection(SolutionConfigurationPlatforms) = preSolution
		Debug|Any CPU = Debug|Any CPU
		Release|Any CPU = Release|Any CPU
	EndGlobalSection
	GlobalSection(ProjectConfigurationPlatforms) = postSolution
		{438B6101-69BF-4DB1-988E-71E904EF6C6B}.Debug|Any CPU.ActiveCfg = Debug|Any CPU
		{438B6101-69BF-4DB1-988E-71E904EF6C6B}.Debug|Any CPU.Build.0 = Debug|Any CPU
		{438B6101-69BF-4DB1-988E-71E904EF6C6B}.Release|Any CPU.ActiveCfg = Release|Any CPU
		{438B6101-69BF-4DB1-988E-71E904EF6C6B}.Release|Any CPU.Build.0 = Release|Any CPU
		{A1700EE6-9F0E-47D1-92C7-83D4B4CD95E1}.Debug|Any CPU.ActiveCfg = Debug|Any CPU
		{A1700EE6-9F0E-47D1-92C7-83D4B4CD95E1}.Debug|Any CPU.Build.0 = Debug|Any CPU
		{A1700EE6-9F0E-47D1-92C7-83D4B4CD95E1}.Release|Any CPU.ActiveCfg = Release|Any CPU
		{A1700EE6-9F0E-47D1-92C7-83D4B4CD95E1}.Release|Any CPU.Build.0 = Release|Any CPU
		{7E09C2C8-A288-4D52-AE77-36F47102554E}.Debug|Any CPU.ActiveCfg = Debug|Any CPU
		{7E09C2C8-A288-4D52-AE77-36F47102554E}.Debug|Any CPU.Build.0 = Debug|Any CPU
		{7E09C2C8-A288-4D52-AE77-36F47102554E}.Release|Any CPU.ActiveCfg = Release|Any CPU
		{7E09C2C8-A288-4D52-AE77-36F47102554E}.Release|Any CPU.Build.0 = Release|Any CPU
		{0B2C8A1E-8D7C-4691-BA8D-288F5E70710E}.Debug|Any CPU.ActiveCfg = Debug|Any CPU
		{0B2C8A1E-8D7C-4691-BA8D-288F5E70710E}.Debug|Any CPU.Build.0 = Debug|Any CPU
		{0B2C8A1E-8D7C-4691-BA8D-288F5E70710E}.Release|Any CPU.ActiveCfg = Release|Any CPU
		{0B2C8A1E-8D7C-4691-BA8D-288F5E70710E}.Release|Any CPU.Build.0 = Release|Any CPU
	EndGlobalSection
	GlobalSection(SolutionProperties) = preSolution
		HideSolutionNode = FALSE
	EndGlobalSection
	GlobalSection(ExtensibilityGlobals) = postSolution
		SolutionGuid = {8CB50772-D4B4-4119-AF9A-4E0FA227F262}
	EndGlobalSection
EndGlobal
